<?xml version="1.0" encoding="utf-8"?>
<Project ToolsVersion="4.0" xmlns="http://schemas.microsoft.com/developer/msbuild/2003">
  <ItemGroup>
    <Filter Include="source">
      <UniqueIdentifier>{28B02A0E-1E60-A449-9161-082F1E24CEDE}</UniqueIdentifier>
    </Filter>
    <Filter Include="source\Plugins">
      <UniqueIdentifier>{5E339866-1F88-F64F-9B46-1A8B663ADBA1}</UniqueIdentifier>
    </Filter>
    <Filter Include="source\Plugins\Base">
      <UniqueIdentifier>{22AB8888-B250-BA4D-81C7-A304698D619D}</UniqueIdentifier>
    </Filter>
    <Filter Include="source\Plugins\Base\Components">
      <UniqueIdentifier>{EB32C910-B6EA-3C44-B86C-2632426977EE}</UniqueIdentifier>
    </Filter>
  </ItemGroup>
  <ItemGroup>
    <ClInclude Include="..\source\Plugins\Base\CoreMessages.h">
      <Filter>source\Plugins\Base</Filter>
    </ClInclude>
    <ClInclude Include="..\source\Plugins\Base\GASSController.h">
      <Filter>source\Plugins\Base</Filter>
    </ClInclude>
    <ClInclude Include="..\source\Plugins\Base\GASSControlSetting.h">
      <Filter>source\Plugins\Base</Filter>
    </ClInclude>
    <ClInclude Include="..\source\Plugins\Base\GASSControlSettingsSystem.h">
      <Filter>source\Plugins\Base</Filter>
    </ClInclude>
    <ClInclude Include="..\source\Plugins\Base\GASSCoreSceneManager.h">
      <Filter>source\Plugins\Base</Filter>
    </ClInclude>
    <ClInclude Include="..\source\Plugins\Base\GASSCoreSystem.h">
      <Filter>source\Plugins\Base</Filter>
    </ClInclude>
    <ClInclude Include="..\source\Plugins\Base\Components\ArrowGeometryComponent.h">
      <Filter>source\Plugins\Base\Components</Filter>
    </ClInclude>
    <ClInclude Include="..\source\Plugins\Base\Components\BoxGeometryComponent.h">
      <Filter>source\Plugins\Base\Components</Filter>
    </ClInclude>
    <ClInclude Include="..\source\Plugins\Base\Components\DebugComponent.h">
      <Filter>source\Plugins\Base\Components</Filter>
    </ClInclude>
    <ClInclude Include="..\source\Plugins\Base\Components\EntityTypeComponent.h">
      <Filter>source\Plugins\Base\Components</Filter>
    </ClInclude>
    <ClInclude Include="..\source\Plugins\Base\Components\FreeCamControlComponent.h">
      <Filter>source\Plugins\Base\Components</Filter>
    </ClInclude>
    <ClInclude Include="..\source\Plugins\Base\Components\PlaneGeometryComponent.h">
      <Filter>source\Plugins\Base\Components</Filter>
    </ClInclude>
    <ClInclude Include="..\source\Plugins\Base\Components\SphereGeometryComponent.h">
      <Filter>source\Plugins\Base\Components</Filter>
    </ClInclude>
    <ClInclude Include="..\source\Plugins\Base\Components\TopCamControlComponent.h">
      <Filter>source\Plugins\Base\Components</Filter>
    </ClInclude>
    <ClInclude Include="..\source\Plugins\Base\Components\WaypointComponent.h">
      <Filter>source\Plugins\Base\Components</Filter>
    </ClInclude>
    <ClInclude Include="..\source\Plugins\Base\Components\WaypointListComponent.h">
      <Filter>source\Plugins\Base\Components</Filter>
    </ClInclude>
    <ClInclude Include="..\source\Plugins\Base\GASSMaterialSystem.h">
      <Filter>source\Plugins\Base</Filter>
    </ClInclude>
    <ClInclude Include="..\source\Plugins\Base\Components\TemplateSourceComponent.h">
      <Filter>source\Plugins\Base\Components</Filter>
    </ClInclude>
  </ItemGroup>
  <ItemGroup>
    <ClCompile Include="..\source\Plugins\Base\GASSController.cpp">
      <Filter>source\Plugins\Base</Filter>
    </ClCompile>
    <ClCompile Include="..\source\Plugins\Base\GASSControlSetting.cpp">
      <Filter>source\Plugins\Base</Filter>
    </ClCompile>
    <ClCompile Include="..\source\Plugins\Base\GASSControlSettingsSystem.cpp">
      <Filter>source\Plugins\Base</Filter>
    </ClCompile>
    <ClCompile Include="..\source\Plugins\Base\GASSCoreSceneManager.cpp">
      <Filter>source\Plugins\Base</Filter>
    </ClCompile>
    <ClCompile Include="..\source\Plugins\Base\GASSCoreSystem.cpp">
      <Filter>source\Plugins\Base</Filter>
    </ClCompile>
    <ClCompile Include="..\source\Plugins\Base\Components\ArrowGeometryComponent.cpp">
      <Filter>source\Plugins\Base\Components</Filter>
    </ClCompile>
    <ClCompile Include="..\source\Plugins\Base\Components\BoxGeometryComponent.cpp">
      <Filter>source\Plugins\Base\Components</Filter>
    </ClCompile>
    <ClCompile Include="..\source\Plugins\Base\Components\DebugComponent.cpp">
      <Filter>source\Plugins\Base\Components</Filter>
    </ClCompile>
    <ClCompile Include="..\source\Plugins\Base\Components\EntityTypeComponent.cpp">
      <Filter>source\Plugins\Base\Components</Filter>
    </ClCompile>
    <ClCompile Include="..\source\Plugins\Base\Components\FreeCamControlComponent.cpp">
      <Filter>source\Plugins\Base\Components</Filter>
    </ClCompile>
    <ClCompile Include="..\source\Plugins\Base\Components\PlaneGeometryComponent.cpp">
      <Filter>source\Plugins\Base\Components</Filter>
    </ClCompile>
    <ClCompile Include="..\source\Plugins\Base\Components\SphereGeometryComponent.cpp">
      <Filter>source\Plugins\Base\Components</Filter>
    </ClCompile>
    <ClCompile Include="..\source\Plugins\Base\Components\TopCamControlComponent.cpp">
      <Filter>source\Plugins\Base\Components</Filter>
    </ClCompile>
    <ClCompile Include="..\source\Plugins\Base\Components\WaypointComponent.cpp">
      <Filter>source\Plugins\Base\Components</Filter>
    </ClCompile>
    <ClCompile Include="..\source\Plugins\Base\Components\WaypointListComponent.cpp">
      <Filter>source\Plugins\Base\Components</Filter>
    </ClCompile>
    <ClCompile Include="..\source\Plugins\Base\GASSMaterialSystem.cpp">
      <Filter>source\Plugins\Base</Filter>
    </ClCompile>
    <ClCompile Include="..\source\Plugins\Base\Components\TemplateSourceComponent.cpp">
      <Filter>source\Plugins\Base\Components</Filter>
    </ClCompile>
  </ItemGroup>
</Project>