<?xml version="1.0" encoding="utf-8"?>
<Project ToolsVersion="4.0" xmlns="http://schemas.microsoft.com/developer/msbuild/2003">
  <ItemGroup>
    <Filter Include="source">
      <UniqueIdentifier>{0AC09086-6239-B045-ACA7-1B2A7E32A56E}</UniqueIdentifier>
    </Filter>
    <Filter Include="source\Plugins">
      <UniqueIdentifier>{2BC85534-9A15-E94A-A529-32CFA0061287}</UniqueIdentifier>
    </Filter>
    <Filter Include="source\Plugins\OSG">
      <UniqueIdentifier>{632A3261-2357-364B-B471-DF291738A5DF}</UniqueIdentifier>
    </Filter>
    <Filter Include="source\Plugins\OSG\Components">
      <UniqueIdentifier>{CD7BEB0D-7A9B-964F-9A64-BB937E140543}</UniqueIdentifier>
    </Filter>
    <Filter Include="source\Plugins\OSG\Utils">
      <UniqueIdentifier>{9348512D-68CA-2241-996A-4BAEC6FE40A8}</UniqueIdentifier>
    </Filter>
  </ItemGroup>
  <ItemGroup>
    <ClInclude Include="..\source\Plugins\OSG\IOSGCameraManipulator.h">
      <Filter>source\Plugins\OSG</Filter>
    </ClInclude>
    <ClInclude Include="..\source\Plugins\OSG\OSGCollisionSystem.h">
      <Filter>source\Plugins\OSG</Filter>
    </ClInclude>
    <ClInclude Include="..\source\Plugins\OSG\OSGConvert.h">
      <Filter>source\Plugins\OSG</Filter>
    </ClInclude>
    <ClInclude Include="..\source\Plugins\OSG\OSGGraphicsSceneManager.h">
      <Filter>source\Plugins\OSG</Filter>
    </ClInclude>
    <ClInclude Include="..\source\Plugins\OSG\OSGGraphicsSystem.h">
      <Filter>source\Plugins\OSG</Filter>
    </ClInclude>
    <ClInclude Include="..\source\Plugins\OSG\OSGNodeData.h">
      <Filter>source\Plugins\OSG</Filter>
    </ClInclude>
    <ClInclude Include="..\source\Plugins\OSG\OSGNodeMasks.h">
      <Filter>source\Plugins\OSG</Filter>
    </ClInclude>
    <ClInclude Include="..\source\Plugins\OSG\Components\OSGBillboardComponent.h">
      <Filter>source\Plugins\OSG\Components</Filter>
    </ClInclude>
    <ClInclude Include="..\source\Plugins\OSG\Components\OSGCameraComponent.h">
      <Filter>source\Plugins\OSG\Components</Filter>
    </ClInclude>
    <ClInclude Include="..\source\Plugins\OSG\Components\OSGCameraManipulatorComponent.h">
      <Filter>source\Plugins\OSG\Components</Filter>
    </ClInclude>
    <ClInclude Include="..\source\Plugins\OSG\Components\OSGLightComponent.h">
      <Filter>source\Plugins\OSG\Components</Filter>
    </ClInclude>
    <ClInclude Include="..\source\Plugins\OSG\Components\OSGLocationComponent.h">
      <Filter>source\Plugins\OSG\Components</Filter>
    </ClInclude>
    <ClInclude Include="..\source\Plugins\OSG\Components\OSGManualMeshComponent.h">
      <Filter>source\Plugins\OSG\Components</Filter>
    </ClInclude>
    <ClInclude Include="..\source\Plugins\OSG\Components\OSGMeshComponent.h">
      <Filter>source\Plugins\OSG\Components</Filter>
    </ClInclude>
    <ClInclude Include="..\source\Plugins\OSG\Components\OSGSkyboxComponent.h">
      <Filter>source\Plugins\OSG\Components</Filter>
    </ClInclude>
    <ClInclude Include="..\source\Plugins\OSG\Components\OSGTextComponent.h">
      <Filter>source\Plugins\OSG\Components</Filter>
    </ClInclude>
    <ClInclude Include="..\source\Plugins\OSG\Utils\MyTrackballManipulator.h">
      <Filter>source\Plugins\OSG\Utils</Filter>
    </ClInclude>
    <ClInclude Include="..\source\Plugins\OSG\Utils\TextBox.h">
      <Filter>source\Plugins\OSG\Utils</Filter>
    </ClInclude>
    <ClInclude Include="..\source\Plugins\OSG\OSGRenderWindow.h">
      <Filter>source\Plugins\OSG</Filter>
    </ClInclude>
    <ClInclude Include="..\source\Plugins\OSG\OSGViewport.h">
      <Filter>source\Plugins\OSG</Filter>
    </ClInclude>
    <ClInclude Include="..\source\Plugins\OSG\OSGCollisionSceneManager.h">
      <Filter>source\Plugins\OSG</Filter>
    </ClInclude>
  </ItemGroup>
  <ItemGroup>
    <ClCompile Include="..\source\Plugins\OSG\OSGCollisionSystem.cpp">
      <Filter>source\Plugins\OSG</Filter>
    </ClCompile>
    <ClCompile Include="..\source\Plugins\OSG\OSGConvert.cpp">
      <Filter>source\Plugins\OSG</Filter>
    </ClCompile>
    <ClCompile Include="..\source\Plugins\OSG\OSGGraphicsSceneManager.cpp">
      <Filter>source\Plugins\OSG</Filter>
    </ClCompile>
    <ClCompile Include="..\source\Plugins\OSG\OSGGraphicsSystem.cpp">
      <Filter>source\Plugins\OSG</Filter>
    </ClCompile>
    <ClCompile Include="..\source\Plugins\OSG\Components\OSGBillboardComponent.cpp">
      <Filter>source\Plugins\OSG\Components</Filter>
    </ClCompile>
    <ClCompile Include="..\source\Plugins\OSG\Components\OSGCameraComponent.cpp">
      <Filter>source\Plugins\OSG\Components</Filter>
    </ClCompile>
    <ClCompile Include="..\source\Plugins\OSG\Components\OSGCameraManipulatorComponent.cpp">
      <Filter>source\Plugins\OSG\Components</Filter>
    </ClCompile>
    <ClCompile Include="..\source\Plugins\OSG\Components\OSGLightComponent.cpp">
      <Filter>source\Plugins\OSG\Components</Filter>
    </ClCompile>
    <ClCompile Include="..\source\Plugins\OSG\Components\OSGLocationComponent.cpp">
      <Filter>source\Plugins\OSG\Components</Filter>
    </ClCompile>
    <ClCompile Include="..\source\Plugins\OSG\Components\OSGManualMeshComponent.cpp">
      <Filter>source\Plugins\OSG\Components</Filter>
    </ClCompile>
    <ClCompile Include="..\source\Plugins\OSG\Components\OSGMeshComponent.cpp">
      <Filter>source\Plugins\OSG\Components</Filter>
    </ClCompile>
    <ClCompile Include="..\source\Plugins\OSG\Components\OSGSkyboxComponent.cpp">
      <Filter>source\Plugins\OSG\Components</Filter>
    </ClCompile>
    <ClCompile Include="..\source\Plugins\OSG\Components\OSGTextComponent.cpp">
      <Filter>source\Plugins\OSG\Components</Filter>
    </ClCompile>
    <ClCompile Include="..\source\Plugins\OSG\Utils\MyTrackballManipulator.cpp">
      <Filter>source\Plugins\OSG\Utils</Filter>
    </ClCompile>
    <ClCompile Include="..\source\Plugins\OSG\Utils\TextBox.cpp">
      <Filter>source\Plugins\OSG\Utils</Filter>
    </ClCompile>
    <ClCompile Include="..\source\Plugins\OSG\OSGRenderWindow.cpp">
      <Filter>source\Plugins\OSG</Filter>
    </ClCompile>
    <ClCompile Include="..\source\Plugins\OSG\OSGViewport.cpp">
      <Filter>source\Plugins\OSG</Filter>
    </ClCompile>
    <ClCompile Include="..\source\Plugins\OSG\OSGCollisionSceneManager.cpp">
      <Filter>source\Plugins\OSG</Filter>
    </ClCompile>
  </ItemGroup>
</Project>