<?xml version="1.0" encoding="utf-8"?>
<Project ToolsVersion="4.0" xmlns="http://schemas.microsoft.com/developer/msbuild/2003">
  <ItemGroup>
    <Filter Include="source">
      <UniqueIdentifier>{A2B02858-E4CE-FA42-AEF5-ADCC2C134BCD}</UniqueIdentifier>
    </Filter>
    <Filter Include="source\Plugins">
      <UniqueIdentifier>{A5C56C15-F2BB-8C41-A10A-B9C7A046E450}</UniqueIdentifier>
    </Filter>
    <Filter Include="source\Plugins\AI">
      <UniqueIdentifier>{EA2D94F9-CF63-C04D-802B-3A0539707587}</UniqueIdentifier>
    </Filter>
    <Filter Include="source\Plugins\AI\Detour">
      <UniqueIdentifier>{17272D74-AE98-FF44-8645-D3491EC8193A}</UniqueIdentifier>
    </Filter>
    <Filter Include="source\Plugins\AI\DetourCrowd">
      <UniqueIdentifier>{604C1923-D900-4E4D-885F-548295807C37}</UniqueIdentifier>
    </Filter>
    <Filter Include="source\Plugins\AI\Recast">
      <UniqueIdentifier>{95BDAB92-3768-4B4F-93C6-0E441C533F62}</UniqueIdentifier>
    </Filter>
  </ItemGroup>
  <ItemGroup>
    <ClInclude Include="..\source\Plugins\AI\AIMessages.h">
      <Filter>source\Plugins\AI</Filter>
    </ClInclude>
    <ClInclude Include="..\source\Plugins\AI\AIMovingPlatformComponent.h">
      <Filter>source\Plugins\AI</Filter>
    </ClInclude>
    <ClInclude Include="..\source\Plugins\AI\AISceneManager.h">
      <Filter>source\Plugins\AI</Filter>
    </ClInclude>
    <ClInclude Include="..\source\Plugins\AI\AISystem.h">
      <Filter>source\Plugins\AI</Filter>
    </ClInclude>
    <ClInclude Include="..\source\Plugins\AI\AITargetComponent.h">
      <Filter>source\Plugins\AI</Filter>
    </ClInclude>
    <ClInclude Include="..\source\Plugins\AI\AITrainComponent.h">
      <Filter>source\Plugins\AI</Filter>
    </ClInclude>
    <ClInclude Include="..\source\Plugins\AI\AnimationKeyComponent.h">
      <Filter>source\Plugins\AI</Filter>
    </ClInclude>
    <ClInclude Include="..\source\Plugins\AI\ChunkyTriMesh.h">
      <Filter>source\Plugins\AI</Filter>
    </ClInclude>
    <ClInclude Include="..\source\Plugins\AI\DetourCrowdAgentComponent.h">
      <Filter>source\Plugins\AI</Filter>
    </ClInclude>
    <ClInclude Include="..\source\Plugins\AI\DetourCrowdComponent.h">
      <Filter>source\Plugins\AI</Filter>
    </ClInclude>
    <ClInclude Include="..\source\Plugins\AI\InputGeom.h">
      <Filter>source\Plugins\AI</Filter>
    </ClInclude>
    <ClInclude Include="..\source\Plugins\AI\KeyframeAnimationComponent.h">
      <Filter>source\Plugins\AI</Filter>
    </ClInclude>
    <ClInclude Include="..\source\Plugins\AI\MeshLoaderObj.h">
      <Filter>source\Plugins\AI</Filter>
    </ClInclude>
    <ClInclude Include="..\source\Plugins\AI\PedestrianBehaviorComponent.h">
      <Filter>source\Plugins\AI</Filter>
    </ClInclude>
    <ClInclude Include="..\source\Plugins\AI\RecastConvexVolumeComponent.h">
      <Filter>source\Plugins\AI</Filter>
    </ClInclude>
    <ClInclude Include="..\source\Plugins\AI\RecastDoorComponent.h">
      <Filter>source\Plugins\AI</Filter>
    </ClInclude>
    <ClInclude Include="..\source\Plugins\AI\RecastNavigationMeshComponent.h">
      <Filter>source\Plugins\AI</Filter>
    </ClInclude>
    <ClInclude Include="..\source\Plugins\AI\RecastOffmeshMeshConnectionComponent.h">
      <Filter>source\Plugins\AI</Filter>
    </ClInclude>
    <ClInclude Include="..\source\Plugins\AI\TriggerComponent.h">
      <Filter>source\Plugins\AI</Filter>
    </ClInclude>
    <ClInclude Include="..\source\Plugins\AI\VelocityTriggerComponent.h">
      <Filter>source\Plugins\AI</Filter>
    </ClInclude>
    <ClInclude Include="..\source\Plugins\AI\Detour\DetourAlloc.h">
      <Filter>source\Plugins\AI\Detour</Filter>
    </ClInclude>
    <ClInclude Include="..\source\Plugins\AI\Detour\DetourAssert.h">
      <Filter>source\Plugins\AI\Detour</Filter>
    </ClInclude>
    <ClInclude Include="..\source\Plugins\AI\Detour\DetourCommon.h">
      <Filter>source\Plugins\AI\Detour</Filter>
    </ClInclude>
    <ClInclude Include="..\source\Plugins\AI\Detour\DetourNavMesh.h">
      <Filter>source\Plugins\AI\Detour</Filter>
    </ClInclude>
    <ClInclude Include="..\source\Plugins\AI\Detour\DetourNavMeshBuilder.h">
      <Filter>source\Plugins\AI\Detour</Filter>
    </ClInclude>
    <ClInclude Include="..\source\Plugins\AI\Detour\DetourNavMeshQuery.h">
      <Filter>source\Plugins\AI\Detour</Filter>
    </ClInclude>
    <ClInclude Include="..\source\Plugins\AI\Detour\DetourNode.h">
      <Filter>source\Plugins\AI\Detour</Filter>
    </ClInclude>
    <ClInclude Include="..\source\Plugins\AI\Detour\DetourStatus.h">
      <Filter>source\Plugins\AI\Detour</Filter>
    </ClInclude>
    <ClInclude Include="..\source\Plugins\AI\Detour\DetourTileCache.h">
      <Filter>source\Plugins\AI\Detour</Filter>
    </ClInclude>
    <ClInclude Include="..\source\Plugins\AI\Detour\DetourTileCacheBuilder.h">
      <Filter>source\Plugins\AI\Detour</Filter>
    </ClInclude>
    <ClInclude Include="..\source\Plugins\AI\DetourCrowd\DetourCrowd.h">
      <Filter>source\Plugins\AI\DetourCrowd</Filter>
    </ClInclude>
    <ClInclude Include="..\source\Plugins\AI\DetourCrowd\DetourLocalBoundary.h">
      <Filter>source\Plugins\AI\DetourCrowd</Filter>
    </ClInclude>
    <ClInclude Include="..\source\Plugins\AI\DetourCrowd\DetourObstacleAvoidance.h">
      <Filter>source\Plugins\AI\DetourCrowd</Filter>
    </ClInclude>
    <ClInclude Include="..\source\Plugins\AI\DetourCrowd\DetourPathCorridor.h">
      <Filter>source\Plugins\AI\DetourCrowd</Filter>
    </ClInclude>
    <ClInclude Include="..\source\Plugins\AI\DetourCrowd\DetourPathQueue.h">
      <Filter>source\Plugins\AI\DetourCrowd</Filter>
    </ClInclude>
    <ClInclude Include="..\source\Plugins\AI\DetourCrowd\DetourProximityGrid.h">
      <Filter>source\Plugins\AI\DetourCrowd</Filter>
    </ClInclude>
    <ClInclude Include="..\source\Plugins\AI\Recast\Recast.h">
      <Filter>source\Plugins\AI\Recast</Filter>
    </ClInclude>
    <ClInclude Include="..\source\Plugins\AI\Recast\RecastAlloc.h">
      <Filter>source\Plugins\AI\Recast</Filter>
    </ClInclude>
    <ClInclude Include="..\source\Plugins\AI\Recast\RecastAssert.h">
      <Filter>source\Plugins\AI\Recast</Filter>
    </ClInclude>
  </ItemGroup>
  <ItemGroup>
    <ClCompile Include="..\source\Plugins\AI\AIMovingPlatformComponent.cpp">
      <Filter>source\Plugins\AI</Filter>
    </ClCompile>
    <ClCompile Include="..\source\Plugins\AI\AISceneManager.cpp">
      <Filter>source\Plugins\AI</Filter>
    </ClCompile>
    <ClCompile Include="..\source\Plugins\AI\AISystem.cpp">
      <Filter>source\Plugins\AI</Filter>
    </ClCompile>
    <ClCompile Include="..\source\Plugins\AI\AITargetComponent.cpp">
      <Filter>source\Plugins\AI</Filter>
    </ClCompile>
    <ClCompile Include="..\source\Plugins\AI\AITrainComponent.cpp">
      <Filter>source\Plugins\AI</Filter>
    </ClCompile>
    <ClCompile Include="..\source\Plugins\AI\AnimationKeyComponent.cpp">
      <Filter>source\Plugins\AI</Filter>
    </ClCompile>
    <ClCompile Include="..\source\Plugins\AI\ChunkyTriMesh.cpp">
      <Filter>source\Plugins\AI</Filter>
    </ClCompile>
    <ClCompile Include="..\source\Plugins\AI\DetourCrowdAgentComponent.cpp">
      <Filter>source\Plugins\AI</Filter>
    </ClCompile>
    <ClCompile Include="..\source\Plugins\AI\DetourCrowdComponent.cpp">
      <Filter>source\Plugins\AI</Filter>
    </ClCompile>
    <ClCompile Include="..\source\Plugins\AI\InputGeom.cpp">
      <Filter>source\Plugins\AI</Filter>
    </ClCompile>
    <ClCompile Include="..\source\Plugins\AI\KeyframeAnimationComponent.cpp">
      <Filter>source\Plugins\AI</Filter>
    </ClCompile>
    <ClCompile Include="..\source\Plugins\AI\MeshLoaderObj.cpp">
      <Filter>source\Plugins\AI</Filter>
    </ClCompile>
    <ClCompile Include="..\source\Plugins\AI\PedestrianBehaviorComponent.cpp">
      <Filter>source\Plugins\AI</Filter>
    </ClCompile>
    <ClCompile Include="..\source\Plugins\AI\RecastConvexVolumeComponent.cpp">
      <Filter>source\Plugins\AI</Filter>
    </ClCompile>
    <ClCompile Include="..\source\Plugins\AI\RecastDoorComponent.cpp">
      <Filter>source\Plugins\AI</Filter>
    </ClCompile>
    <ClCompile Include="..\source\Plugins\AI\RecastNavigationMeshComponent.cpp">
      <Filter>source\Plugins\AI</Filter>
    </ClCompile>
    <ClCompile Include="..\source\Plugins\AI\RecastOffmeshMeshConnectionComponent.cpp">
      <Filter>source\Plugins\AI</Filter>
    </ClCompile>
    <ClCompile Include="..\source\Plugins\AI\TriggerComponent.cpp">
      <Filter>source\Plugins\AI</Filter>
    </ClCompile>
    <ClCompile Include="..\source\Plugins\AI\VelocityTriggerComponent.cpp">
      <Filter>source\Plugins\AI</Filter>
    </ClCompile>
    <ClCompile Include="..\source\Plugins\AI\Detour\DetourAlloc.cpp">
      <Filter>source\Plugins\AI\Detour</Filter>
    </ClCompile>
    <ClCompile Include="..\source\Plugins\AI\Detour\DetourCommon.cpp">
      <Filter>source\Plugins\AI\Detour</Filter>
    </ClCompile>
    <ClCompile Include="..\source\Plugins\AI\Detour\DetourNavMesh.cpp">
      <Filter>source\Plugins\AI\Detour</Filter>
    </ClCompile>
    <ClCompile Include="..\source\Plugins\AI\Detour\DetourNavMeshBuilder.cpp">
      <Filter>source\Plugins\AI\Detour</Filter>
    </ClCompile>
    <ClCompile Include="..\source\Plugins\AI\Detour\DetourNavMeshQuery.cpp">
      <Filter>source\Plugins\AI\Detour</Filter>
    </ClCompile>
    <ClCompile Include="..\source\Plugins\AI\Detour\DetourNode.cpp">
      <Filter>source\Plugins\AI\Detour</Filter>
    </ClCompile>
    <ClCompile Include="..\source\Plugins\AI\Detour\DetourTileCache.cpp">
      <Filter>source\Plugins\AI\Detour</Filter>
    </ClCompile>
    <ClCompile Include="..\source\Plugins\AI\Detour\DetourTileCacheBuilder.cpp">
      <Filter>source\Plugins\AI\Detour</Filter>
    </ClCompile>
    <ClCompile Include="..\source\Plugins\AI\DetourCrowd\DetourCrowd.cpp">
      <Filter>source\Plugins\AI\DetourCrowd</Filter>
    </ClCompile>
    <ClCompile Include="..\source\Plugins\AI\DetourCrowd\DetourLocalBoundary.cpp">
      <Filter>source\Plugins\AI\DetourCrowd</Filter>
    </ClCompile>
    <ClCompile Include="..\source\Plugins\AI\DetourCrowd\DetourObstacleAvoidance.cpp">
      <Filter>source\Plugins\AI\DetourCrowd</Filter>
    </ClCompile>
    <ClCompile Include="..\source\Plugins\AI\DetourCrowd\DetourPathCorridor.cpp">
      <Filter>source\Plugins\AI\DetourCrowd</Filter>
    </ClCompile>
    <ClCompile Include="..\source\Plugins\AI\DetourCrowd\DetourPathQueue.cpp">
      <Filter>source\Plugins\AI\DetourCrowd</Filter>
    </ClCompile>
    <ClCompile Include="..\source\Plugins\AI\DetourCrowd\DetourProximityGrid.cpp">
      <Filter>source\Plugins\AI\DetourCrowd</Filter>
    </ClCompile>
    <ClCompile Include="..\source\Plugins\AI\Recast\Recast.cpp">
      <Filter>source\Plugins\AI\Recast</Filter>
    </ClCompile>
    <ClCompile Include="..\source\Plugins\AI\Recast\RecastAlloc.cpp">
      <Filter>source\Plugins\AI\Recast</Filter>
    </ClCompile>
    <ClCompile Include="..\source\Plugins\AI\Recast\RecastArea.cpp">
      <Filter>source\Plugins\AI\Recast</Filter>
    </ClCompile>
    <ClCompile Include="..\source\Plugins\AI\Recast\RecastContour.cpp">
      <Filter>source\Plugins\AI\Recast</Filter>
    </ClCompile>
    <ClCompile Include="..\source\Plugins\AI\Recast\RecastFilter.cpp">
      <Filter>source\Plugins\AI\Recast</Filter>
    </ClCompile>
    <ClCompile Include="..\source\Plugins\AI\Recast\RecastLayers.cpp">
      <Filter>source\Plugins\AI\Recast</Filter>
    </ClCompile>
    <ClCompile Include="..\source\Plugins\AI\Recast\RecastMesh.cpp">
      <Filter>source\Plugins\AI\Recast</Filter>
    </ClCompile>
    <ClCompile Include="..\source\Plugins\AI\Recast\RecastMeshDetail.cpp">
      <Filter>source\Plugins\AI\Recast</Filter>
    </ClCompile>
    <ClCompile Include="..\source\Plugins\AI\Recast\RecastRasterization.cpp">
      <Filter>source\Plugins\AI\Recast</Filter>
    </ClCompile>
    <ClCompile Include="..\source\Plugins\AI\Recast\RecastRegion.cpp">
      <Filter>source\Plugins\AI\Recast</Filter>
    </ClCompile>
  </ItemGroup>
</Project>
