<?xml version="1.0" encoding="utf-8"?>
<Project ToolsVersion="4.0" xmlns="http://schemas.microsoft.com/developer/msbuild/2003">
  <ItemGroup>
    <Filter Include="source">
      <UniqueIdentifier>{1F25345C-B260-0848-A48D-74408B1F55E7}</UniqueIdentifier>
    </Filter>
    <Filter Include="source\Plugins">
      <UniqueIdentifier>{4B5EA864-E7F8-8240-9413-73ACEB375D3E}</UniqueIdentifier>
    </Filter>
    <Filter Include="source\Plugins\Environment">
      <UniqueIdentifier>{46CC3361-AC81-4E47-A274-58B2B255F754}</UniqueIdentifier>
    </Filter>
  </ItemGroup>
  <ItemGroup>
    <ClInclude Include="..\source\Plugins\Environment\EnvironmentManagerComponent.h">
      <Filter>source\Plugins\Environment</Filter>
    </ClInclude>
    <ClInclude Include="..\source\Plugins\Environment\HydraxRTTListener.h">
      <Filter>source\Plugins\Environment</Filter>
    </ClInclude>
    <ClInclude Include="..\source\Plugins\Environment\HydraxWaterComponent.h">
      <Filter>source\Plugins\Environment</Filter>
    </ClInclude>
    <ClInclude Include="..\source\Plugins\Environment\SkyXCloudLayerComponent.h">
      <Filter>source\Plugins\Environment</Filter>
    </ClInclude>
    <ClInclude Include="..\source\Plugins\Environment\SkyXComponent.h">
      <Filter>source\Plugins\Environment</Filter>
    </ClInclude>
    <ClInclude Include="..\source\Plugins\Environment\SkyXVolumeCloudComponent.h">
      <Filter>source\Plugins\Environment</Filter>
    </ClInclude>
  </ItemGroup>
  <ItemGroup>
    <ClCompile Include="..\source\Plugins\Environment\EnvironmentManagerComponent.cpp">
      <Filter>source\Plugins\Environment</Filter>
    </ClCompile>
    <ClCompile Include="..\source\Plugins\Environment\HydraxWaterComponent.cpp">
      <Filter>source\Plugins\Environment</Filter>
    </ClCompile>
    <ClCompile Include="..\source\Plugins\Environment\SkyXCloudLayerComponent.cpp">
      <Filter>source\Plugins\Environment</Filter>
    </ClCompile>
    <ClCompile Include="..\source\Plugins\Environment\SkyXComponent.cpp">
      <Filter>source\Plugins\Environment</Filter>
    </ClCompile>
    <ClCompile Include="..\source\Plugins\Environment\SkyXVolumeCloudComponent.cpp">
      <Filter>source\Plugins\Environment</Filter>
    </ClCompile>
  </ItemGroup>
</Project>
