<?xml version="1.0" encoding="utf-8"?>
<Project ToolsVersion="4.0" xmlns="http://schemas.microsoft.com/developer/msbuild/2003">
  <ItemGroup>
    <Filter Include="source">
      <UniqueIdentifier>{17549F42-9362-0445-BA84-260CACEB9298}</UniqueIdentifier>
    </Filter>
    <Filter Include="source\Core">
      <UniqueIdentifier>{65499056-D3B6-5D4B-9650-1B539454CEFA}</UniqueIdentifier>
    </Filter>
    <Filter Include="source\Core\ComponentSystem">
      <UniqueIdentifier>{8DAB421A-FCC6-6042-9EBB-3274A44828CD}</UniqueIdentifier>
    </Filter>
    <Filter Include="source\Core\Math">
      <UniqueIdentifier>{35F5A3AF-28AC-3846-8F84-431CB6B0F1AE}</UniqueIdentifier>
    </Filter>
    <Filter Include="source\Core\MessageSystem">
      <UniqueIdentifier>{12E4DC4D-24E1-B642-BE6A-80C02B769984}</UniqueIdentifier>
    </Filter>
    <Filter Include="source\Core\PluginSystem">
      <UniqueIdentifier>{5F3096D5-BD9A-F24D-B4A6-C94F0D60C411}</UniqueIdentifier>
    </Filter>
    <Filter Include="source\Core\Reflection">
      <UniqueIdentifier>{BF1E73BE-43F0-8E4A-B81A-E074B0CF3132}</UniqueIdentifier>
    </Filter>
    <Filter Include="source\Core\Serialize">
      <UniqueIdentifier>{74D3ADE0-9DE0-D245-BB0D-FCA7E990E85B}</UniqueIdentifier>
    </Filter>
    <Filter Include="source\Core\System">
      <UniqueIdentifier>{8418576C-8C53-214C-8EE1-F9621F20F64D}</UniqueIdentifier>
    </Filter>
    <Filter Include="source\Core\Utils">
      <UniqueIdentifier>{10AD3217-1680-044E-BEF8-EA04DFA09E3B}</UniqueIdentifier>
    </Filter>
  </ItemGroup>
  <ItemGroup>
    <ClInclude Include="..\source\Core\Common.h">
      <Filter>source\Core</Filter>
    </ClInclude>
    <ClInclude Include="..\source\Core\Prerequisits.h">
      <Filter>source\Core</Filter>
    </ClInclude>
    <ClInclude Include="..\source\Core\ComponentSystem\GASSBaseComponent.h">
      <Filter>source\Core\ComponentSystem</Filter>
    </ClInclude>
    <ClInclude Include="..\source\Core\ComponentSystem\GASSBaseComponentContainer.h">
      <Filter>source\Core\ComponentSystem</Filter>
    </ClInclude>
    <ClInclude Include="..\source\Core\ComponentSystem\GASSBaseComponentContainerTemplate.h">
      <Filter>source\Core\ComponentSystem</Filter>
    </ClInclude>
    <ClInclude Include="..\source\Core\ComponentSystem\GASSBaseComponentContainerTemplateManager.h">
      <Filter>source\Core\ComponentSystem</Filter>
    </ClInclude>
    <ClInclude Include="..\source\Core\ComponentSystem\GASSComponentContainerFactory.h">
      <Filter>source\Core\ComponentSystem</Filter>
    </ClInclude>
    <ClInclude Include="..\source\Core\ComponentSystem\GASSComponentContainerTemplateFactory.h">
      <Filter>source\Core\ComponentSystem</Filter>
    </ClInclude>
    <ClInclude Include="..\source\Core\ComponentSystem\GASSComponentFactory.h">
      <Filter>source\Core\ComponentSystem</Filter>
    </ClInclude>
    <ClInclude Include="..\source\Core\ComponentSystem\GASSIComponent.h">
      <Filter>source\Core\ComponentSystem</Filter>
    </ClInclude>
    <ClInclude Include="..\source\Core\ComponentSystem\GASSIComponentContainer.h">
      <Filter>source\Core\ComponentSystem</Filter>
    </ClInclude>
    <ClInclude Include="..\source\Core\ComponentSystem\GASSIComponentContainerTemplate.h">
      <Filter>source\Core\ComponentSystem</Filter>
    </ClInclude>
    <ClInclude Include="..\source\Core\ComponentSystem\GASSIComponentContainerTemplateManager.h">
      <Filter>source\Core\ComponentSystem</Filter>
    </ClInclude>
    <ClInclude Include="..\source\Core\ComponentSystem\GASSIComponentTemplate.h">
      <Filter>source\Core\ComponentSystem</Filter>
    </ClInclude>
    <ClInclude Include="..\source\Core\ComponentSystem\GASSSchemaManager.h">
      <Filter>source\Core\ComponentSystem</Filter>
    </ClInclude>
    <ClInclude Include="..\source\Core\Math\GASSAABox.h">
      <Filter>source\Core\Math</Filter>
    </ClInclude>
    <ClInclude Include="..\source\Core\Math\GASSEllipsoid.h">
      <Filter>source\Core\Math</Filter>
    </ClInclude>
    <ClInclude Include="..\source\Core\Math\GASSKeyframeAnimation.h">
      <Filter>source\Core\Math</Filter>
    </ClInclude>
    <ClInclude Include="..\source\Core\Math\GASSMath.h">
      <Filter>source\Core\Math</Filter>
    </ClInclude>
    <ClInclude Include="..\source\Core\Math\GASSMatrix.h">
      <Filter>source\Core\Math</Filter>
    </ClInclude>
    <ClInclude Include="..\source\Core\Math\GASSPlane.h">
      <Filter>source\Core\Math</Filter>
    </ClInclude>
    <ClInclude Include="..\source\Core\Math\GASSPolygon.h">
      <Filter>source\Core\Math</Filter>
    </ClInclude>
    <ClInclude Include="..\source\Core\Math\GASSQuaternion.h">
      <Filter>source\Core\Math</Filter>
    </ClInclude>
    <ClInclude Include="..\source\Core\Math\GASSRotationSpline.h">
      <Filter>source\Core\Math</Filter>
    </ClInclude>
    <ClInclude Include="..\source\Core\Math\GASSSphere.h">
      <Filter>source\Core\Math</Filter>
    </ClInclude>
    <ClInclude Include="..\source\Core\Math\GASSSpline.h">
      <Filter>source\Core\Math</Filter>
    </ClInclude>
    <ClInclude Include="..\source\Core\Math\GASSSplineAnimation.h">
      <Filter>source\Core\Math</Filter>
    </ClInclude>
    <ClInclude Include="..\source\Core\Math\GASSVector.h">
      <Filter>source\Core\Math</Filter>
    </ClInclude>
    <ClInclude Include="..\source\Core\MessageSystem\GASSBaseMessage.h">
      <Filter>source\Core\MessageSystem</Filter>
    </ClInclude>
    <ClInclude Include="..\source\Core\MessageSystem\GASSIMessage.h">
      <Filter>source\Core\MessageSystem</Filter>
    </ClInclude>
    <ClInclude Include="..\source\Core\MessageSystem\GASSMessageManager.h">
      <Filter>source\Core\MessageSystem</Filter>
    </ClInclude>
    <ClInclude Include="..\source\Core\MessageSystem\GASSMessageType.h">
      <Filter>source\Core\MessageSystem</Filter>
    </ClInclude>
    <ClInclude Include="..\source\Core\MessageSystem\GASSStaticMessageListener.h">
      <Filter>source\Core\MessageSystem</Filter>
    </ClInclude>
    <ClInclude Include="..\source\Core\PluginSystem\GASSDynamicModule.h">
      <Filter>source\Core\PluginSystem</Filter>
    </ClInclude>
    <ClInclude Include="..\source\Core\PluginSystem\GASSPluginManager.h">
      <Filter>source\Core\PluginSystem</Filter>
    </ClInclude>
    <ClInclude Include="..\source\Core\Reflection\GASSBaseReflectionObject.h">
      <Filter>source\Core\Reflection</Filter>
    </ClInclude>
    <ClInclude Include="..\source\Core\Reflection\GASSIProperty.h">
      <Filter>source\Core\Reflection</Filter>
    </ClInclude>
    <ClInclude Include="..\source\Core\Reflection\GASSNullClass.h">
      <Filter>source\Core\Reflection</Filter>
    </ClInclude>
    <ClInclude Include="..\source\Core\Reflection\GASSProperty.h">
      <Filter>source\Core\Reflection</Filter>
    </ClInclude>
    <ClInclude Include="..\source\Core\Reflection\GASSPropertyTypes.h">
      <Filter>source\Core\Reflection</Filter>
    </ClInclude>
    <ClInclude Include="..\source\Core\Reflection\GASSReflection.h">
      <Filter>source\Core\Reflection</Filter>
    </ClInclude>
    <ClInclude Include="..\source\Core\Reflection\GASSRTTI.h">
      <Filter>source\Core\Reflection</Filter>
    </ClInclude>
    <ClInclude Include="..\source\Core\Reflection\GASSTypedProperty.h">
      <Filter>source\Core\Reflection</Filter>
    </ClInclude>
    <ClInclude Include="..\source\Core\Reflection\GASSVectorProperty.h">
      <Filter>source\Core\Reflection</Filter>
    </ClInclude>
    <ClInclude Include="..\source\Core\Serialize\GASSISerialize.h">
      <Filter>source\Core\Serialize</Filter>
    </ClInclude>
    <ClInclude Include="..\source\Core\Serialize\GASSIXMLSerialize.h">
      <Filter>source\Core\Serialize</Filter>
    </ClInclude>
    <ClInclude Include="..\source\Core\Serialize\GASSSerialize.h">
      <Filter>source\Core\Serialize</Filter>
    </ClInclude>
    <ClInclude Include="..\source\Core\System\GASSBaseSystem.h">
      <Filter>source\Core\System</Filter>
    </ClInclude>
    <ClInclude Include="..\source\Core\System\GASSBaseSystemManager.h">
      <Filter>source\Core\System</Filter>
    </ClInclude>
    <ClInclude Include="..\source\Core\System\GASSISystem.h">
      <Filter>source\Core\System</Filter>
    </ClInclude>
    <ClInclude Include="..\source\Core\System\GASSISystemManager.h">
      <Filter>source\Core\System</Filter>
    </ClInclude>
    <ClInclude Include="..\source\Core\System\GASSSystemFactory.h">
      <Filter>source\Core\System</Filter>
    </ClInclude>
    <ClInclude Include="..\source\Core\Utils\GASSEnumLookup.h">
      <Filter>source\Core\Utils</Filter>
    </ClInclude>
    <ClInclude Include="..\source\Core\Utils\GASSException.h">
      <Filter>source\Core\Utils</Filter>
    </ClInclude>
    <ClInclude Include="..\source\Core\Utils\GASSFactory.h">
      <Filter>source\Core\Utils</Filter>
    </ClInclude>
    <ClInclude Include="..\source\Core\Utils\GASSFilePath.h">
      <Filter>source\Core\Utils</Filter>
    </ClInclude>
    <ClInclude Include="..\source\Core\Utils\GASSIterators.h">
      <Filter>source\Core\Utils</Filter>
    </ClInclude>
    <ClInclude Include="..\source\Core\Utils\GASSLog.h">
      <Filter>source\Core\Utils</Filter>
    </ClInclude>
    <ClInclude Include="..\source\Core\Utils\GASSLogManager.h">
      <Filter>source\Core\Utils</Filter>
    </ClInclude>
    <ClInclude Include="..\source\Core\Utils\GASSLokiTypeInfo.h">
      <Filter>source\Core\Utils</Filter>
    </ClInclude>
    <ClInclude Include="..\source\Core\Utils\GASSMisc.h">
      <Filter>source\Core\Utils</Filter>
    </ClInclude>
    <ClInclude Include="..\source\Core\Utils\GASSSingleton.h">
      <Filter>source\Core\Utils</Filter>
    </ClInclude>
    <ClInclude Include="..\source\Core\Utils\GASSTimer.h">
      <Filter>source\Core\Utils</Filter>
    </ClInclude>
    <ClInclude Include="..\source\Core\Utils\GASSEnumBinder.h">
      <Filter>source\Core\Utils</Filter>
    </ClInclude>
    <ClInclude Include="..\source\Core\Utils\GASSColorRGB.h">
      <Filter>source\Core\Utils</Filter>
    </ClInclude>
  </ItemGroup>
  <ItemGroup>
    <ClCompile Include="..\source\Core\ComponentSystem\GASSBaseComponent.cpp">
      <Filter>source\Core\ComponentSystem</Filter>
    </ClCompile>
    <ClCompile Include="..\source\Core\ComponentSystem\GASSBaseComponentContainer.cpp">
      <Filter>source\Core\ComponentSystem</Filter>
    </ClCompile>
    <ClCompile Include="..\source\Core\ComponentSystem\GASSBaseComponentContainerTemplate.cpp">
      <Filter>source\Core\ComponentSystem</Filter>
    </ClCompile>
    <ClCompile Include="..\source\Core\ComponentSystem\GASSBaseComponentContainerTemplateManager.cpp">
      <Filter>source\Core\ComponentSystem</Filter>
    </ClCompile>
    <ClCompile Include="..\source\Core\ComponentSystem\GASSComponentContainerFactory.cpp">
      <Filter>source\Core\ComponentSystem</Filter>
    </ClCompile>
    <ClCompile Include="..\source\Core\ComponentSystem\GASSComponentContainerTemplateFactory.cpp">
      <Filter>source\Core\ComponentSystem</Filter>
    </ClCompile>
    <ClCompile Include="..\source\Core\ComponentSystem\GASSComponentFactory.cpp">
      <Filter>source\Core\ComponentSystem</Filter>
    </ClCompile>
    <ClCompile Include="..\source\Core\ComponentSystem\GASSIComponent.cpp">
      <Filter>source\Core\ComponentSystem</Filter>
    </ClCompile>
    <ClCompile Include="..\source\Core\ComponentSystem\GASSIComponentContainer.cpp">
      <Filter>source\Core\ComponentSystem</Filter>
    </ClCompile>
    <ClCompile Include="..\source\Core\ComponentSystem\GASSIComponentContainerTemplate.cpp">
      <Filter>source\Core\ComponentSystem</Filter>
    </ClCompile>
    <ClCompile Include="..\source\Core\ComponentSystem\GASSIComponentTemplate.cpp">
      <Filter>source\Core\ComponentSystem</Filter>
    </ClCompile>
    <ClCompile Include="..\source\Core\ComponentSystem\GASSSchemaManager.cpp">
      <Filter>source\Core\ComponentSystem</Filter>
    </ClCompile>
    <ClCompile Include="..\source\Core\Math\GASSAABox.cpp">
      <Filter>source\Core\Math</Filter>
    </ClCompile>
    <ClCompile Include="..\source\Core\Math\GASSEllipsoid.cpp">
      <Filter>source\Core\Math</Filter>
    </ClCompile>
    <ClCompile Include="..\source\Core\Math\GASSKeyframeAnimation.cpp">
      <Filter>source\Core\Math</Filter>
    </ClCompile>
    <ClCompile Include="..\source\Core\Math\GASSMath.cpp">
      <Filter>source\Core\Math</Filter>
    </ClCompile>
    <ClCompile Include="..\source\Core\Math\GASSMatrix.cpp">
      <Filter>source\Core\Math</Filter>
    </ClCompile>
    <ClCompile Include="..\source\Core\Math\GASSPlane.cpp">
      <Filter>source\Core\Math</Filter>
    </ClCompile>
    <ClCompile Include="..\source\Core\Math\GASSPolygon.cpp">
      <Filter>source\Core\Math</Filter>
    </ClCompile>
    <ClCompile Include="..\source\Core\Math\GASSQuaternion.cpp">
      <Filter>source\Core\Math</Filter>
    </ClCompile>
    <ClCompile Include="..\source\Core\Math\GASSRotationSpline.cpp">
      <Filter>source\Core\Math</Filter>
    </ClCompile>
    <ClCompile Include="..\source\Core\Math\GASSSphere.cpp">
      <Filter>source\Core\Math</Filter>
    </ClCompile>
    <ClCompile Include="..\source\Core\Math\GASSSpline.cpp">
      <Filter>source\Core\Math</Filter>
    </ClCompile>
    <ClCompile Include="..\source\Core\Math\GASSSplineAnimation.cpp">
      <Filter>source\Core\Math</Filter>
    </ClCompile>
    <ClCompile Include="..\source\Core\Math\GASSVector.cpp">
      <Filter>source\Core\Math</Filter>
    </ClCompile>
    <ClCompile Include="..\source\Core\MessageSystem\GASSBaseMessage.cpp">
      <Filter>source\Core\MessageSystem</Filter>
    </ClCompile>
    <ClCompile Include="..\source\Core\MessageSystem\GASSMessageManager.cpp">
      <Filter>source\Core\MessageSystem</Filter>
    </ClCompile>
    <ClCompile Include="..\source\Core\PluginSystem\GASSDynamicModule.cpp">
      <Filter>source\Core\PluginSystem</Filter>
    </ClCompile>
    <ClCompile Include="..\source\Core\PluginSystem\GASSPluginManager.cpp">
      <Filter>source\Core\PluginSystem</Filter>
    </ClCompile>
    <ClCompile Include="..\source\Core\Reflection\GASSBaseReflectionObject.cpp">
      <Filter>source\Core\Reflection</Filter>
    </ClCompile>
    <ClCompile Include="..\source\Core\Reflection\GASSIProperty.cpp">
      <Filter>source\Core\Reflection</Filter>
    </ClCompile>
    <ClCompile Include="..\source\Core\Reflection\GASSProperty.cpp">
      <Filter>source\Core\Reflection</Filter>
    </ClCompile>
    <ClCompile Include="..\source\Core\Reflection\GASSPropertyTypes.cpp">
      <Filter>source\Core\Reflection</Filter>
    </ClCompile>
    <ClCompile Include="..\source\Core\Reflection\GASSReflection.cpp">
      <Filter>source\Core\Reflection</Filter>
    </ClCompile>
    <ClCompile Include="..\source\Core\Reflection\GASSRTTI.cpp">
      <Filter>source\Core\Reflection</Filter>
    </ClCompile>
    <ClCompile Include="..\source\Core\Reflection\GASSTypedProperty.cpp">
      <Filter>source\Core\Reflection</Filter>
    </ClCompile>
    <ClCompile Include="..\source\Core\Reflection\GASSVectorProperty.cpp">
      <Filter>source\Core\Reflection</Filter>
    </ClCompile>
    <ClCompile Include="..\source\Core\Serialize\GASSISerialize.cpp">
      <Filter>source\Core\Serialize</Filter>
    </ClCompile>
    <ClCompile Include="..\source\Core\Serialize\GASSIXMLSerialize.cpp">
      <Filter>source\Core\Serialize</Filter>
    </ClCompile>
    <ClCompile Include="..\source\Core\Serialize\GASSSerialize.cpp">
      <Filter>source\Core\Serialize</Filter>
    </ClCompile>
    <ClCompile Include="..\source\Core\System\GASSBaseSystem.cpp">
      <Filter>source\Core\System</Filter>
    </ClCompile>
    <ClCompile Include="..\source\Core\System\GASSBaseSystemManager.cpp">
      <Filter>source\Core\System</Filter>
    </ClCompile>
    <ClCompile Include="..\source\Core\System\GASSISystem.cpp">
      <Filter>source\Core\System</Filter>
    </ClCompile>
    <ClCompile Include="..\source\Core\System\GASSSystemFactory.cpp">
      <Filter>source\Core\System</Filter>
    </ClCompile>
    <ClCompile Include="..\source\Core\Utils\GASSEnumLookup.cpp">
      <Filter>source\Core\Utils</Filter>
    </ClCompile>
    <ClCompile Include="..\source\Core\Utils\GASSException.cpp">
      <Filter>source\Core\Utils</Filter>
    </ClCompile>
    <ClCompile Include="..\source\Core\Utils\GASSFilePath.cpp">
      <Filter>source\Core\Utils</Filter>
    </ClCompile>
    <ClCompile Include="..\source\Core\Utils\GASSLog.cpp">
      <Filter>source\Core\Utils</Filter>
    </ClCompile>
    <ClCompile Include="..\source\Core\Utils\GASSLogManager.cpp">
      <Filter>source\Core\Utils</Filter>
    </ClCompile>
    <ClCompile Include="..\source\Core\Utils\GASSMisc.cpp">
      <Filter>source\Core\Utils</Filter>
    </ClCompile>
    <ClCompile Include="..\source\Core\Utils\GASSTimer.cpp">
      <Filter>source\Core\Utils</Filter>
    </ClCompile>
    <ClCompile Include="..\source\Core\Utils\GASSColorRGB.cpp">
      <Filter>source\Core\Utils</Filter>
    </ClCompile>
  </ItemGroup>
</Project>