<?xml version="1.0" encoding="utf-8"?>
<Project ToolsVersion="4.0" xmlns="http://schemas.microsoft.com/developer/msbuild/2003">
  <ItemGroup>
    <Filter Include="source">
      <UniqueIdentifier>{940DFC5D-CE23-374A-9A1B-621CBD1854CA}</UniqueIdentifier>
    </Filter>
    <Filter Include="source\Sim">
      <UniqueIdentifier>{628C37C3-FF1F-DB43-BAE1-F16E6AF206C3}</UniqueIdentifier>
    </Filter>
    <Filter Include="source\Sim\Interface">
      <UniqueIdentifier>{3B220260-8CDC-164A-9CE1-0CE7828AD3B1}</UniqueIdentifier>
    </Filter>
    <Filter Include="source\Sim\Utils">
      <UniqueIdentifier>{966009A3-90C8-2C49-A052-6148A4E3E4D1}</UniqueIdentifier>
    </Filter>
    <Filter Include="source\Sim\Messages">
      <UniqueIdentifier>{4ECC4A8F-92ED-FF46-9980-A1C65C1E8A96}</UniqueIdentifier>
    </Filter>
  </ItemGroup>
  <ItemGroup>
    <ClInclude Include="..\source\Sim\GASS.h">
      <Filter>source\Sim</Filter>
    </ClInclude>
    <ClInclude Include="..\source\Sim\GASSBaseSceneComponent.h">
      <Filter>source\Sim</Filter>
    </ClInclude>
    <ClInclude Include="..\source\Sim\GASSBaseSceneManager.h">
      <Filter>source\Sim</Filter>
    </ClInclude>
    <ClInclude Include="..\source\Sim\GASSCommon.h">
      <Filter>source\Sim</Filter>
    </ClInclude>
    <ClInclude Include="..\source\Sim\GASSGeometryFlags.h">
      <Filter>source\Sim</Filter>
    </ClInclude>
    <ClInclude Include="..\source\Sim\GASSMeshData.h">
      <Filter>source\Sim</Filter>
    </ClInclude>
    <ClInclude Include="..\source\Sim\GASSRunTimeController.h">
      <Filter>source\Sim</Filter>
    </ClInclude>
    <ClInclude Include="..\source\Sim\GASSScene.h">
      <Filter>source\Sim</Filter>
    </ClInclude>
    <ClInclude Include="..\source\Sim\GASSSceneManagerFactory.h">
      <Filter>source\Sim</Filter>
    </ClInclude>
    <ClInclude Include="..\source\Sim\GASSSceneObject.h">
      <Filter>source\Sim</Filter>
    </ClInclude>
    <ClInclude Include="..\source\Sim\GASSSceneObjectLink.h">
      <Filter>source\Sim</Filter>
    </ClInclude>
    <ClInclude Include="..\source\Sim\GASSSceneObjectTemplate.h">
      <Filter>source\Sim</Filter>
    </ClInclude>
    <ClInclude Include="..\source\Sim\GASSSimEngine.h">
      <Filter>source\Sim</Filter>
    </ClInclude>
    <ClInclude Include="..\source\Sim\GASSSimSystem.h">
      <Filter>source\Sim</Filter>
    </ClInclude>
    <ClInclude Include="..\source\Sim\GASSSimSystemManager.h">
      <Filter>source\Sim</Filter>
    </ClInclude>
    <ClInclude Include="..\source\Sim\GASSTaskNode.h">
      <Filter>source\Sim</Filter>
    </ClInclude>
    <ClInclude Include="..\source\Sim\Interface\GASSICameraComponent.h">
      <Filter>source\Sim\Interface</Filter>
    </ClInclude>
    <ClInclude Include="..\source\Sim\Interface\GASSICollisionSystem.h">
      <Filter>source\Sim\Interface</Filter>
    </ClInclude>
    <ClInclude Include="..\source\Sim\Interface\GASSIControlSettingsSystem.h">
      <Filter>source\Sim\Interface</Filter>
    </ClInclude>
    <ClInclude Include="..\source\Sim\Interface\GASSIGeometryComponent.h">
      <Filter>source\Sim\Interface</Filter>
    </ClInclude>
    <ClInclude Include="..\source\Sim\Interface\GASSIGraphicsSystem.h">
      <Filter>source\Sim\Interface</Filter>
    </ClInclude>
    <ClInclude Include="..\source\Sim\Interface\GASSIInputSystem.h">
      <Filter>source\Sim\Interface</Filter>
    </ClInclude>
    <ClInclude Include="..\source\Sim\Interface\GASSILightComponent.h">
      <Filter>source\Sim\Interface</Filter>
    </ClInclude>
    <ClInclude Include="..\source\Sim\Interface\GASSILocationComponent.h">
      <Filter>source\Sim\Interface</Filter>
    </ClInclude>
    <ClInclude Include="..\source\Sim\Interface\GASSIMeshComponent.h">
      <Filter>source\Sim\Interface</Filter>
    </ClInclude>
    <ClInclude Include="..\source\Sim\Interface\GASSINetworkComponent.h">
      <Filter>source\Sim\Interface</Filter>
    </ClInclude>
    <ClInclude Include="..\source\Sim\Interface\GASSIPhysicsGeometryComponent.h">
      <Filter>source\Sim\Interface</Filter>
    </ClInclude>
    <ClInclude Include="..\source\Sim\Interface\GASSIPhysicsSystem.h">
      <Filter>source\Sim\Interface</Filter>
    </ClInclude>
    <ClInclude Include="..\source\Sim\Interface\GASSISceneManager.h">
      <Filter>source\Sim\Interface</Filter>
    </ClInclude>
    <ClInclude Include="..\source\Sim\Interface\GASSIShape.h">
      <Filter>source\Sim\Interface</Filter>
    </ClInclude>
    <ClInclude Include="..\source\Sim\Interface\GASSITerrainComponent.h">
      <Filter>source\Sim\Interface</Filter>
    </ClInclude>
    <ClInclude Include="..\source\Sim\Interface\GASSIWaypointListComponent.h">
      <Filter>source\Sim\Interface</Filter>
    </ClInclude>
    <ClInclude Include="..\source\Sim\Messages\GASSCoreSceneMessages.h">
      <Filter>source\Sim\Messages</Filter>
    </ClInclude>
    <ClInclude Include="..\source\Sim\Messages\GASSCoreSceneObjectMessages.h">
      <Filter>source\Sim\Messages</Filter>
    </ClInclude>
    <ClInclude Include="..\source\Sim\Messages\GASSCoreSystemMessages.h">
      <Filter>source\Sim\Messages</Filter>
    </ClInclude>
    <ClInclude Include="..\source\Sim\Messages\GASSGraphicsSceneMessages.h">
      <Filter>source\Sim\Messages</Filter>
    </ClInclude>
    <ClInclude Include="..\source\Sim\Messages\GASSGraphicsSceneObjectMessages.h">
      <Filter>source\Sim\Messages</Filter>
    </ClInclude>
    <ClInclude Include="..\source\Sim\Messages\GASSGraphicsSystemMessages.h">
      <Filter>source\Sim\Messages</Filter>
    </ClInclude>
    <ClInclude Include="..\source\Sim\Messages\GASSNetworkSceneObjectMessages.h">
      <Filter>source\Sim\Messages</Filter>
    </ClInclude>
    <ClInclude Include="..\source\Sim\Messages\GASSNetworkSystemMessages.h">
      <Filter>source\Sim\Messages</Filter>
    </ClInclude>
    <ClInclude Include="..\source\Sim\Messages\GASSPhysicsSceneObjectMessages.h">
      <Filter>source\Sim\Messages</Filter>
    </ClInclude>
    <ClInclude Include="..\source\Sim\Messages\GASSScriptSystemMessages.h">
      <Filter>source\Sim\Messages</Filter>
    </ClInclude>
    <ClInclude Include="..\source\Sim\Messages\GASSSoundSceneObjectMessages.h">
      <Filter>source\Sim\Messages</Filter>
    </ClInclude>
    <ClInclude Include="..\source\Sim\Utils\GASSEnumBinder.h">
      <Filter>source\Sim\Utils</Filter>
    </ClInclude>
    <ClInclude Include="..\source\Sim\Utils\GASSProfiler.h">
      <Filter>source\Sim\Utils</Filter>
    </ClInclude>
    <ClInclude Include="..\source\Sim\Utils\GASSProfileRuntimeHandler.h">
      <Filter>source\Sim\Utils</Filter>
    </ClInclude>
    <ClInclude Include="..\source\Sim\Utils\GASSSimpleProfile.h">
      <Filter>source\Sim\Utils</Filter>
    </ClInclude>
    <ClInclude Include="..\source\Sim\GASSMaterialData.h">
      <Filter>source\Sim</Filter>
    </ClInclude>
    <ClInclude Include="..\source\Sim\Interface\GASSIMaterialSystem.h">
      <Filter>source\Sim\Interface</Filter>
    </ClInclude>
    <ClInclude Include="..\source\Sim\Messages\GASSPhysicsSystemMessages.h">
      <Filter>source\Sim\Messages</Filter>
    </ClInclude>
    <ClInclude Include="..\source\Sim\Interface\GASSIResourceComponent.h">
      <Filter>source\Sim\Interface</Filter>
    </ClInclude>
    <ClInclude Include="..\source\Sim\GASSResource.h">
      <Filter>source\Sim</Filter>
    </ClInclude>
    <ClInclude Include="..\source\Sim\GASSResourceHandle.h">
      <Filter>source\Sim</Filter>
    </ClInclude>
    <ClInclude Include="..\source\Sim\GASSResourceGroup.h">
      <Filter>source\Sim</Filter>
    </ClInclude>
    <ClInclude Include="..\source\Sim\GASSResourceLocation.h">
      <Filter>source\Sim</Filter>
    </ClInclude>
    <ClInclude Include="..\source\Sim\GASSResourceManager.h">
      <Filter>source\Sim</Filter>
    </ClInclude>
    <ClInclude Include="..\source\Core\Utils\GASSColorRGB.h">
      <Filter>source\Sim</Filter>
    </ClInclude>
    <ClInclude Include="..\source\Sim\GASSSceneObjectRef.h">
      <Filter>source\Sim</Filter>
    </ClInclude>
    <ClInclude Include="..\source\Sim\Interface\GASSIRenderWindow.h">
      <Filter>source\Sim\Interface</Filter>
    </ClInclude>
  </ItemGroup>
  <ItemGroup>
    <ClCompile Include="..\source\Sim\GASSBaseSceneComponent.cpp">
      <Filter>source\Sim</Filter>
    </ClCompile>
    <ClCompile Include="..\source\Sim\GASSBaseSceneManager.cpp">
      <Filter>source\Sim</Filter>
    </ClCompile>
    <ClCompile Include="..\source\Sim\GASSGeometryFlags.cpp">
      <Filter>source\Sim</Filter>
    </ClCompile>
    <ClCompile Include="..\source\Sim\GASSRunTimeController.cpp">
      <Filter>source\Sim</Filter>
    </ClCompile>
    <ClCompile Include="..\source\Sim\GASSScene.cpp">
      <Filter>source\Sim</Filter>
    </ClCompile>
    <ClCompile Include="..\source\Sim\GASSSceneManagerFactory.cpp">
      <Filter>source\Sim</Filter>
    </ClCompile>
    <ClCompile Include="..\source\Sim\GASSSceneObject.cpp">
      <Filter>source\Sim</Filter>
    </ClCompile>
    <ClCompile Include="..\source\Sim\GASSSceneObjectLink.cpp">
      <Filter>source\Sim</Filter>
    </ClCompile>
    <ClCompile Include="..\source\Sim\GASSSceneObjectTemplate.cpp">
      <Filter>source\Sim</Filter>
    </ClCompile>
    <ClCompile Include="..\source\Sim\GASSSimEngine.cpp">
      <Filter>source\Sim</Filter>
    </ClCompile>
    <ClCompile Include="..\source\Sim\GASSSimSystem.cpp">
      <Filter>source\Sim</Filter>
    </ClCompile>
    <ClCompile Include="..\source\Sim\GASSSimSystemManager.cpp">
      <Filter>source\Sim</Filter>
    </ClCompile>
    <ClCompile Include="..\source\Sim\GASSTaskNode.cpp">
      <Filter>source\Sim</Filter>
    </ClCompile>
    <ClCompile Include="..\source\Sim\Interface\GASSIGraphicsSystem.cpp">
      <Filter>source\Sim\Interface</Filter>
    </ClCompile>
    <ClCompile Include="..\source\Sim\Interface\GASSIInputSystem.cpp">
      <Filter>source\Sim\Interface</Filter>
    </ClCompile>
    <ClCompile Include="..\source\Sim\Interface\GASSIPhysicsSystem.cpp">
      <Filter>source\Sim\Interface</Filter>
    </ClCompile>
    <ClCompile Include="..\source\Sim\Interface\GASSISceneManager.cpp">
      <Filter>source\Sim\Interface</Filter>
    </ClCompile>
    <ClCompile Include="..\source\Sim\Utils\GASSProfiler.cpp">
      <Filter>source\Sim\Utils</Filter>
    </ClCompile>
    <ClCompile Include="..\source\Sim\Utils\GASSProfileRuntimeHandler.cpp">
      <Filter>source\Sim\Utils</Filter>
    </ClCompile>
    <ClCompile Include="..\source\Sim\Utils\GASSSimpleProfile.cpp">
      <Filter>source\Sim\Utils</Filter>
    </ClCompile>
    <ClCompile Include="..\source\Sim\GASSResource .cpp">
      <Filter>source\Sim</Filter>
    </ClCompile>
    <ClCompile Include="..\source\Sim\GASSResourceHandle.cpp">
      <Filter>source\Sim</Filter>
    </ClCompile>
    <ClCompile Include="..\source\Sim\GASSResourceGroup.cpp">
      <Filter>source\Sim</Filter>
    </ClCompile>
    <ClCompile Include="..\source\Sim\GASSResourceLocation.cpp">
      <Filter>source\Sim</Filter>
    </ClCompile>
    <ClCompile Include="..\source\Sim\GASSResourceManager.cpp">
      <Filter>source\Sim</Filter>
    </ClCompile>
    <ClCompile Include="..\source\Sim\GASSSceneObjectRef.cpp">
      <Filter>source\Sim</Filter>
    </ClCompile>
  </ItemGroup>
</Project>