<?xml version="1.0" encoding="utf-8"?>
<Project ToolsVersion="4.0" xmlns="http://schemas.microsoft.com/developer/msbuild/2003">
  <ItemGroup>
    <Filter Include="source">
      <UniqueIdentifier>{49E28189-6DC8-8B41-88D6-75B70678A840}</UniqueIdentifier>
    </Filter>
    <Filter Include="source\Plugins">
      <UniqueIdentifier>{1B69FAAC-D587-E242-AD35-1AF95267114C}</UniqueIdentifier>
    </Filter>
    <Filter Include="source\Plugins\ODE">
      <UniqueIdentifier>{48A0A613-DBFF-E24F-9228-45FBADA4F70A}</UniqueIdentifier>
    </Filter>
  </ItemGroup>
  <ItemGroup>
    <ClInclude Include="..\source\Plugins\ODE\ODEBaseGeometryComponent.h">
      <Filter>source\Plugins\ODE</Filter>
    </ClInclude>
    <ClInclude Include="..\source\Plugins\ODE\ODEBodyComponent.h">
      <Filter>source\Plugins\ODE</Filter>
    </ClInclude>
    <ClInclude Include="..\source\Plugins\ODE\ODEBoxGeometryComponent.h">
      <Filter>source\Plugins\ODE</Filter>
    </ClInclude>
    <ClInclude Include="..\source\Plugins\ODE\ODECylinderGeometryComponent.h">
      <Filter>source\Plugins\ODE</Filter>
    </ClInclude>
    <ClInclude Include="..\source\Plugins\ODE\ODEHingeComponent.h">
      <Filter>source\Plugins\ODE</Filter>
    </ClInclude>
    <ClInclude Include="..\source\Plugins\ODE\ODEMeshGeometryComponent.h">
      <Filter>source\Plugins\ODE</Filter>
    </ClInclude>
    <ClInclude Include="..\source\Plugins\ODE\ODEPhysicsSceneManager.h">
      <Filter>source\Plugins\ODE</Filter>
    </ClInclude>
    <ClInclude Include="..\source\Plugins\ODE\ODEPhysicsSystem.h">
      <Filter>source\Plugins\ODE</Filter>
    </ClInclude>
    <ClInclude Include="..\source\Plugins\ODE\ODEPlaneGeometryComponent.h">
      <Filter>source\Plugins\ODE</Filter>
    </ClInclude>
    <ClInclude Include="..\source\Plugins\ODE\ODESphereGeometryComponent.h">
      <Filter>source\Plugins\ODE</Filter>
    </ClInclude>
    <ClInclude Include="..\source\Plugins\ODE\ODESuspensionComponent.h">
      <Filter>source\Plugins\ODE</Filter>
    </ClInclude>
    <ClInclude Include="..\source\Plugins\ODE\ODETerrainGeometryComponent.h">
      <Filter>source\Plugins\ODE</Filter>
    </ClInclude>
    <ClInclude Include="..\source\Plugins\ODE\Collision\ODECollisionGeometryComponent.h">
      <Filter>source\Plugins\ODE</Filter>
    </ClInclude>
    <ClInclude Include="..\source\Plugins\ODE\Collision\ODECollisionSceneManager.h">
      <Filter>source\Plugins\ODE</Filter>
    </ClInclude>
    <ClInclude Include="..\source\Plugins\ODE\Collision\ODECollisionSystem.h">
      <Filter>source\Plugins\ODE</Filter>
    </ClInclude>
    <ClInclude Include="..\source\Plugins\ODE\Collision\ODELineCollision.h">
      <Filter>source\Plugins\ODE</Filter>
    </ClInclude>
    <ClInclude Include="..\source\Plugins\ODE\IODEGeometryComponent.h">
      <Filter>source\Plugins\ODE</Filter>
    </ClInclude>
  </ItemGroup>
  <ItemGroup>
    <ClCompile Include="..\source\Plugins\ODE\ODEBaseGeometryComponent.cpp">
      <Filter>source\Plugins\ODE</Filter>
    </ClCompile>
    <ClCompile Include="..\source\Plugins\ODE\ODEBodyComponent.cpp">
      <Filter>source\Plugins\ODE</Filter>
    </ClCompile>
    <ClCompile Include="..\source\Plugins\ODE\ODEBoxGeometryComponent.cpp">
      <Filter>source\Plugins\ODE</Filter>
    </ClCompile>
    <ClCompile Include="..\source\Plugins\ODE\ODECylinderGeometryComponent.cpp">
      <Filter>source\Plugins\ODE</Filter>
    </ClCompile>
    <ClCompile Include="..\source\Plugins\ODE\ODEHingeComponent.cpp">
      <Filter>source\Plugins\ODE</Filter>
    </ClCompile>
    <ClCompile Include="..\source\Plugins\ODE\ODEMeshGeometryComponent.cpp">
      <Filter>source\Plugins\ODE</Filter>
    </ClCompile>
    <ClCompile Include="..\source\Plugins\ODE\ODEPhysicsSceneManager.cpp">
      <Filter>source\Plugins\ODE</Filter>
    </ClCompile>
    <ClCompile Include="..\source\Plugins\ODE\ODEPhysicsSystem.cpp">
      <Filter>source\Plugins\ODE</Filter>
    </ClCompile>
    <ClCompile Include="..\source\Plugins\ODE\ODEPlaneGeometryComponent.cpp">
      <Filter>source\Plugins\ODE</Filter>
    </ClCompile>
    <ClCompile Include="..\source\Plugins\ODE\ODESphereGeometryComponent.cpp">
      <Filter>source\Plugins\ODE</Filter>
    </ClCompile>
    <ClCompile Include="..\source\Plugins\ODE\ODESuspensionComponent.cpp">
      <Filter>source\Plugins\ODE</Filter>
    </ClCompile>
    <ClCompile Include="..\source\Plugins\ODE\ODETerrainGeometryComponent.cpp">
      <Filter>source\Plugins\ODE</Filter>
    </ClCompile>
    <ClCompile Include="..\source\Plugins\ODE\Collision\ODECollisionGeometryComponent.cpp">
      <Filter>source\Plugins\ODE</Filter>
    </ClCompile>
    <ClCompile Include="..\source\Plugins\ODE\Collision\ODECollisionSceneManager.cpp">
      <Filter>source\Plugins\ODE</Filter>
    </ClCompile>
    <ClCompile Include="..\source\Plugins\ODE\Collision\ODECollisionSystem.cpp">
      <Filter>source\Plugins\ODE</Filter>
    </ClCompile>
    <ClCompile Include="..\source\Plugins\ODE\Collision\ODELineCollision.cpp">
      <Filter>source\Plugins\ODE</Filter>
    </ClCompile>
  </ItemGroup>
</Project>