<?xml version="1.0" encoding="utf-8"?>
<Project ToolsVersion="4.0" xmlns="http://schemas.microsoft.com/developer/msbuild/2003">
  <ItemGroup>
    <Filter Include="source">
      <UniqueIdentifier>{AF51AA21-B739-7442-A8A9-23E9ED823E01}</UniqueIdentifier>
    </Filter>
    <Filter Include="source\Plugins">
      <UniqueIdentifier>{9FE1B18C-353D-AB48-830D-47E474858D3E}</UniqueIdentifier>
    </Filter>
    <Filter Include="source\Plugins\RakNet">
      <UniqueIdentifier>{3193BC74-37F3-F64A-9FB2-5876CC6147A1}</UniqueIdentifier>
    </Filter>
  </ItemGroup>
  <ItemGroup>
    <ClInclude Include="..\source\Plugins\RakNet\NetworkData.h">
      <Filter>source\Plugins\RakNet</Filter>
    </ClInclude>
    <ClInclude Include="..\source\Plugins\RakNet\RakNetBaseReplica.h">
      <Filter>source\Plugins\RakNet</Filter>
    </ClInclude>
    <ClInclude Include="..\source\Plugins\RakNet\RakNetChildReplica.h">
      <Filter>source\Plugins\RakNet</Filter>
    </ClInclude>
    <ClInclude Include="..\source\Plugins\RakNet\RakNetInputTransferComponent.h">
      <Filter>source\Plugins\RakNet</Filter>
    </ClInclude>
    <ClInclude Include="..\source\Plugins\RakNet\RakNetLocationTransferComponent.h">
      <Filter>source\Plugins\RakNet</Filter>
    </ClInclude>
    <ClInclude Include="..\source\Plugins\RakNet\RakNetMasterReplica.h">
      <Filter>source\Plugins\RakNet</Filter>
    </ClInclude>
    <ClInclude Include="..\source\Plugins\RakNet\RakNetMessages.h">
      <Filter>source\Plugins\RakNet</Filter>
    </ClInclude>
    <ClInclude Include="..\source\Plugins\RakNet\RakNetMessageTransferComponent.h">
      <Filter>source\Plugins\RakNet</Filter>
    </ClInclude>
    <ClInclude Include="..\source\Plugins\RakNet\RakNetNetworkChildComponent.h">
      <Filter>source\Plugins\RakNet</Filter>
    </ClInclude>
    <ClInclude Include="..\source\Plugins\RakNet\RakNetNetworkMasterComponent.h">
      <Filter>source\Plugins\RakNet</Filter>
    </ClInclude>
    <ClInclude Include="..\source\Plugins\RakNet\RakNetNetworkSceneManager.h">
      <Filter>source\Plugins\RakNet</Filter>
    </ClInclude>
    <ClInclude Include="..\source\Plugins\RakNet\RakNetNetworkSystem.h">
      <Filter>source\Plugins\RakNet</Filter>
    </ClInclude>
    <ClInclude Include="..\source\Plugins\RakNet\RakNetPackageFactory.h">
      <Filter>source\Plugins\RakNet</Filter>
    </ClInclude>
  </ItemGroup>
  <ItemGroup>
    <ClCompile Include="..\source\Plugins\RakNet\RakNetBaseReplica.cpp">
      <Filter>source\Plugins\RakNet</Filter>
    </ClCompile>
    <ClCompile Include="..\source\Plugins\RakNet\RakNetChildReplica.cpp">
      <Filter>source\Plugins\RakNet</Filter>
    </ClCompile>
    <ClCompile Include="..\source\Plugins\RakNet\RakNetInputTransferComponent.cpp">
      <Filter>source\Plugins\RakNet</Filter>
    </ClCompile>
    <ClCompile Include="..\source\Plugins\RakNet\RakNetLocationTransferComponent.cpp">
      <Filter>source\Plugins\RakNet</Filter>
    </ClCompile>
    <ClCompile Include="..\source\Plugins\RakNet\RakNetMasterReplica.cpp">
      <Filter>source\Plugins\RakNet</Filter>
    </ClCompile>
    <ClCompile Include="..\source\Plugins\RakNet\RakNetMessageTransferComponent.cpp">
      <Filter>source\Plugins\RakNet</Filter>
    </ClCompile>
    <ClCompile Include="..\source\Plugins\RakNet\RakNetNetworkChildComponent.cpp">
      <Filter>source\Plugins\RakNet</Filter>
    </ClCompile>
    <ClCompile Include="..\source\Plugins\RakNet\RakNetNetworkMasterComponent.cpp">
      <Filter>source\Plugins\RakNet</Filter>
    </ClCompile>
    <ClCompile Include="..\source\Plugins\RakNet\RakNetNetworkSceneManager.cpp">
      <Filter>source\Plugins\RakNet</Filter>
    </ClCompile>
    <ClCompile Include="..\source\Plugins\RakNet\RakNetNetworkSystem.cpp">
      <Filter>source\Plugins\RakNet</Filter>
    </ClCompile>
    <ClCompile Include="..\source\Plugins\RakNet\RakNetPackageFactory.cpp">
      <Filter>source\Plugins\RakNet</Filter>
    </ClCompile>
  </ItemGroup>
</Project>
