
Microsoft Visual Studio Solution File, Format Version 11.00
# Visual Studio 2010
Project("{8BC9CEB8-8B4A-11D0-8D11-00A0C91BC942}") = "GASSEd", "GASSEd.vcxproj", "{C0EA316E-EEEA-3E75-B897-F4E7DFC5E96A}"
EndProject
Project("{8BC9CEB8-8B4A-11D0-8D11-00A0C91BC942}") = "GASSEditorModule", "..\..\build\GASSEditorModule.vcxproj", "{97C6E7CA-5A45-C949-892C-8BC9EDAE3BFC}"
EndProject
Project("{8BC9CEB8-8B4A-11D0-8D11-00A0C91BC942}") = "GASSPluginOgre", "..\..\build\GASSPluginOgre.vcxproj", "{EFD21FDB-B65E-4A45-8465-AC723482B9AC}"
EndProject
Project("{8BC9CEB8-8B4A-11D0-8D11-00A0C91BC942}") = "GASSSim", "..\..\build\GASSSim.vcxproj", "{CB60AF93-1508-2948-8F03-FF02E60EB6BC}"
EndProject
Project("{8BC9CEB8-8B4A-11D0-8D11-00A0C91BC942}") = "GASSPluginBase", "..\..\build\GASSPluginBase.vcxproj", "{222AD2D2-5F6E-7040-AF31-D5A156A18575}"
EndProject
Project("{8BC9CEB8-8B4A-11D0-8D11-00A0C91BC942}") = "GASSPluginODE", "..\..\build\GASSPluginODE.vcxproj", "{0D8995BF-93CC-A34A-884E-72A48048B7CC}"
EndProject
Global
	GlobalSection(SolutionConfigurationPlatforms) = preSolution
		Debug|Win32 = Debug|Win32
		Debug|x64 = Debug|x64
		Release|Win32 = Release|Win32
		Release|x64 = Release|x64
	EndGlobalSection
	GlobalSection(ProjectConfigurationPlatforms) = postSolution
		{C0EA316E-EEEA-3E75-B897-F4E7DFC5E96A}.Debug|Win32.ActiveCfg = Debug|Win32
		{C0EA316E-EEEA-3E75-B897-F4E7DFC5E96A}.Debug|Win32.Build.0 = Debug|Win32
		{C0EA316E-EEEA-3E75-B897-F4E7DFC5E96A}.Debug|x64.ActiveCfg = Debug|x64
		{C0EA316E-EEEA-3E75-B897-F4E7DFC5E96A}.Debug|x64.Build.0 = Debug|x64
		{C0EA316E-EEEA-3E75-B897-F4E7DFC5E96A}.Release|Win32.ActiveCfg = Release|Win32
		{C0EA316E-EEEA-3E75-B897-F4E7DFC5E96A}.Release|Win32.Build.0 = Release|Win32
		{C0EA316E-EEEA-3E75-B897-F4E7DFC5E96A}.Release|x64.ActiveCfg = Release|x64
		{C0EA316E-EEEA-3E75-B897-F4E7DFC5E96A}.Release|x64.Build.0 = Release|x64
		{97C6E7CA-5A45-C949-892C-8BC9EDAE3BFC}.Debug|Win32.ActiveCfg = Debug|Win32
		{97C6E7CA-5A45-C949-892C-8BC9EDAE3BFC}.Debug|Win32.Build.0 = Debug|Win32
		{97C6E7CA-5A45-C949-892C-8BC9EDAE3BFC}.Debug|x64.ActiveCfg = Debug|x64
		{97C6E7CA-5A45-C949-892C-8BC9EDAE3BFC}.Debug|x64.Build.0 = Debug|x64
		{97C6E7CA-5A45-C949-892C-8BC9EDAE3BFC}.Release|Win32.ActiveCfg = Release|Win32
		{97C6E7CA-5A45-C949-892C-8BC9EDAE3BFC}.Release|Win32.Build.0 = Release|Win32
		{97C6E7CA-5A45-C949-892C-8BC9EDAE3BFC}.Release|x64.ActiveCfg = Release|x64
		{97C6E7CA-5A45-C949-892C-8BC9EDAE3BFC}.Release|x64.Build.0 = Release|x64
		{EFD21FDB-B65E-4A45-8465-AC723482B9AC}.Debug|Win32.ActiveCfg = Debug|Win32
		{EFD21FDB-B65E-4A45-8465-AC723482B9AC}.Debug|Win32.Build.0 = Debug|Win32
		{EFD21FDB-B65E-4A45-8465-AC723482B9AC}.Debug|x64.ActiveCfg = Debug|x64
		{EFD21FDB-B65E-4A45-8465-AC723482B9AC}.Debug|x64.Build.0 = Debug|x64
		{EFD21FDB-B65E-4A45-8465-AC723482B9AC}.Release|Win32.ActiveCfg = Release|Win32
		{EFD21FDB-B65E-4A45-8465-AC723482B9AC}.Release|Win32.Build.0 = Release|Win32
		{EFD21FDB-B65E-4A45-8465-AC723482B9AC}.Release|x64.ActiveCfg = Release|x64
		{EFD21FDB-B65E-4A45-8465-AC723482B9AC}.Release|x64.Build.0 = Release|x64
		{CB60AF93-1508-2948-8F03-FF02E60EB6BC}.Debug|Win32.ActiveCfg = Debug|Win32
		{CB60AF93-1508-2948-8F03-FF02E60EB6BC}.Debug|Win32.Build.0 = Debug|Win32
		{CB60AF93-1508-2948-8F03-FF02E60EB6BC}.Debug|x64.ActiveCfg = Debug|x64
		{CB60AF93-1508-2948-8F03-FF02E60EB6BC}.Debug|x64.Build.0 = Debug|x64
		{CB60AF93-1508-2948-8F03-FF02E60EB6BC}.Release|Win32.ActiveCfg = Release|Win32
		{CB60AF93-1508-2948-8F03-FF02E60EB6BC}.Release|Win32.Build.0 = Release|Win32
		{CB60AF93-1508-2948-8F03-FF02E60EB6BC}.Release|x64.ActiveCfg = Release|x64
		{CB60AF93-1508-2948-8F03-FF02E60EB6BC}.Release|x64.Build.0 = Release|x64
		{222AD2D2-5F6E-7040-AF31-D5A156A18575}.Debug|Win32.ActiveCfg = Debug|Win32
		{222AD2D2-5F6E-7040-AF31-D5A156A18575}.Debug|Win32.Build.0 = Debug|Win32
		{222AD2D2-5F6E-7040-AF31-D5A156A18575}.Debug|x64.ActiveCfg = Debug|x64
		{222AD2D2-5F6E-7040-AF31-D5A156A18575}.Debug|x64.Build.0 = Debug|x64
		{222AD2D2-5F6E-7040-AF31-D5A156A18575}.Release|Win32.ActiveCfg = Release|Win32
		{222AD2D2-5F6E-7040-AF31-D5A156A18575}.Release|Win32.Build.0 = Release|Win32
		{222AD2D2-5F6E-7040-AF31-D5A156A18575}.Release|x64.ActiveCfg = Release|x64
		{222AD2D2-5F6E-7040-AF31-D5A156A18575}.Release|x64.Build.0 = Release|x64
		{0D8995BF-93CC-A34A-884E-72A48048B7CC}.Debug|Win32.ActiveCfg = Debug|Win32
		{0D8995BF-93CC-A34A-884E-72A48048B7CC}.Debug|Win32.Build.0 = Debug|Win32
		{0D8995BF-93CC-A34A-884E-72A48048B7CC}.Debug|x64.ActiveCfg = Debug|Win32
		{0D8995BF-93CC-A34A-884E-72A48048B7CC}.Release|Win32.ActiveCfg = Release|Win32
		{0D8995BF-93CC-A34A-884E-72A48048B7CC}.Release|Win32.Build.0 = Release|Win32
		{0D8995BF-93CC-A34A-884E-72A48048B7CC}.Release|x64.ActiveCfg = Release|Win32
	EndGlobalSection
	GlobalSection(SolutionProperties) = preSolution
		HideSolutionNode = FALSE
	EndGlobalSection
EndGlobal
